// !$*UTF8*$!
{
	archiveVersion = 1;
	classes = {
	};
	objectVersion = 46;
	objects = {

/* Begin PBXBuildFile section */
		A5A3FE681E32864B00009B78 /* UFCApi.swift in Sources */ = {isa = PBXBuildFile; fileRef = A5A3FE671E32864B00009B78 /* UFCApi.swift */; };
		A5A3FE6A1E34183A00009B78 /* Fighter.swift in Sources */ = {isa = PBXBuildFile; fileRef = A5A3FE691E34183A00009B78 /* Fighter.swift */; };
		A5D2A9291E3255BE001C7456 /* AppDelegate.swift in Sources */ = {isa = PBXBuildFile; fileRef = A5D2A9281E3255BE001C7456 /* AppDelegate.swift */; };
		A5D2A92B1E3255BE001C7456 /* ViewController.swift in Sources */ = {isa = PBXBuildFile; fileRef = A5D2A92A1E3255BE001C7456 /* ViewController.swift */; };
		A5D2A92E1E3255BE001C7456 /* Main.storyboard in Resources */ = {isa = PBXBuildFile; fileRef = A5D2A92C1E3255BE001C7456 /* Main.storyboard */; };
		A5D2A9301E3255BE001C7456 /* Assets.xcassets in Resources */ = {isa = PBXBuildFile; fileRef = A5D2A92F1E3255BE001C7456 /* Assets.xcassets */; };
		A5D2A9331E3255BE001C7456 /* LaunchScreen.storyboard in Resources */ = {isa = PBXBuildFile; fileRef = A5D2A9311E3255BE001C7456 /* LaunchScreen.storyboard */; };
		FF2ABFE4D1037E34D39F0874 /* Pods_UFC_Pocket_Companion.framework in Frameworks */ = {isa = PBXBuildFile; fileRef = A69DC81F8CFB1A3524AE515F /* Pods_UFC_Pocket_Companion.framework */; };
/* End PBXBuildFile section */

/* Begin PBXFileReference section */
		0896187AE1FF226C2077CE86 /* Pods-UFC Pocket Companion.debug.xcconfig */ = {isa = PBXFileReference; includeInIndex = 1; lastKnownFileType = text.xcconfig; name = "Pods-UFC Pocket Companion.debug.xcconfig"; path = "Pods/Target Support Files/Pods-UFC Pocket Companion/Pods-UFC Pocket Companion.debug.xcconfig"; sourceTree = "<group>"; };
		5739541621944F715CD6635C /* Pods-UFC Pocket Companion.release.xcconfig */ = {isa = PBXFileReference; includeInIndex = 1; lastKnownFileType = text.xcconfig; name = "Pods-UFC Pocket Companion.release.xcconfig"; path = "Pods/Target Support Files/Pods-UFC Pocket Companion/Pods-UFC Pocket Companion.release.xcconfig"; sourceTree = "<group>"; };
		A5A3FE671E32864B00009B78 /* UFCApi.swift */ = {isa = PBXFileReference; fileEncoding = 4; lastKnownFileType = sourcecode.swift; name = UFCApi.swift; path = ../UFCApi.swift; sourceTree = "<group>"; };
		A5A3FE691E34183A00009B78 /* Fighter.swift */ = {isa = PBXFileReference; fileEncoding = 4; lastKnownFileType = sourcecode.swift; path = Fighter.swift; sourceTree = "<group>"; };
		A5D2A9251E3255BE001C7456 /* UFC Pocket Companion.app */ = {isa = PBXFileReference; explicitFileType = wrapper.application; includeInIndex = 0; path = "UFC Pocket Companion.app"; sourceTree = BUILT_PRODUCTS_DIR; };
		A5D2A9281E3255BE001C7456 /* AppDelegate.swift */ = {isa = PBXFileReference; lastKnownFileType = sourcecode.swift; path = AppDelegate.swift; sourceTree = "<group>"; };
		A5D2A92A1E3255BE001C7456 /* ViewController.swift */ = {isa = PBXFileReference; lastKnownFileType = sourcecode.swift; path = ViewController.swift; sourceTree = "<group>"; };
		A5D2A92D1E3255BE001C7456 /* Base */ = {isa = PBXFileReference; lastKnownFileType = file.storyboard; name = Base; path = Base.lproj/Main.storyboard; sourceTree = "<group>"; };
		A5D2A92F1E3255BE001C7456 /* Assets.xcassets */ = {isa = PBXFileReference; lastKnownFileType = folder.assetcatalog; path = Assets.xcassets; sourceTree = "<group>"; };
		A5D2A9321E3255BE001C7456 /* Base */ = {isa = PBXFileReference; lastKnownFileType = file.storyboard; name = Base; path = Base.lproj/LaunchScreen.storyboard; sourceTree = "<group>"; };
		A5D2A9341E3255BE001C7456 /* Info.plist */ = {isa = PBXFileReference; lastKnownFileType = text.plist.xml; path = Info.plist; sourceTree = "<group>"; };
		A69DC81F8CFB1A3524AE515F /* Pods_UFC_Pocket_Companion.framework */ = {isa = PBXFileReference; explicitFileType = wrapper.framework; includeInIndex = 0; path = Pods_UFC_Pocket_Companion.framework; sourceTree = BUILT_PRODUCTS_DIR; };
/* End PBXFileReference section */

/* Begin PBXFrameworksBuildPhase section */
		A5D2A9221E3255BD001C7456 /* Frameworks */ = {
			isa = PBXFrameworksBuildPhase;
			buildActionMask = 2147483647;
			files = (
				FF2ABFE4D1037E34D39F0874 /* Pods_UFC_Pocket_Companion.framework in Frameworks */,
			);
			runOnlyForDeploymentPostprocessing = 0;
		};
/* End PBXFrameworksBuildPhase section */

/* Begin PBXGroup section */
		86ADC4C10F590A9AC0DCF80B /* Frameworks */ = {
			isa = PBXGroup;
			children = (
				A69DC81F8CFB1A3524AE515F /* Pods_UFC_Pocket_Companion.framework */,
			);
			name = Frameworks;
			sourceTree = "<group>";
		};
		A5D2A91C1E3255BD001C7456 = {
			isa = PBXGroup;
			children = (
				A5D2A9271E3255BE001C7456 /* UFC Pocket Companion */,
				A5D2A9261E3255BE001C7456 /* Products */,
				D3A56C01E3CDFA7E91EC3011 /* Pods */,
				86ADC4C10F590A9AC0DCF80B /* Frameworks */,
			);
			sourceTree = "<group>";
		};
		A5D2A9261E3255BE001C7456 /* Products */ = {
			isa = PBXGroup;
			children = (
				A5D2A9251E3255BE001C7456 /* UFC Pocket Companion.app */,
			);
			name = Products;
			sourceTree = "<group>";
		};
		A5D2A9271E3255BE001C7456 /* UFC Pocket Companion */ = {
			isa = PBXGroup;
			children = (
				A5D2A9281E3255BE001C7456 /* AppDelegate.swift */,
				A5D2A92A1E3255BE001C7456 /* ViewController.swift */,
				A5A3FE691E34183A00009B78 /* Fighter.swift */,
				A5A3FE671E32864B00009B78 /* UFCApi.swift */,
				A5D2A92C1E3255BE001C7456 /* Main.storyboard */,
				A5D2A92F1E3255BE001C7456 /* Assets.xcassets */,
				A5D2A9311E3255BE001C7456 /* LaunchScreen.storyboard */,
				A5D2A9341E3255BE001C7456 /* Info.plist */,
			);
			path = "UFC Pocket Companion";
			sourceTree = "<group>";
		};
		D3A56C01E3CDFA7E91EC3011 /* Pods */ = {
			isa = PBXGroup;
			children = (
				0896187AE1FF226C2077CE86 /* Pods-UFC Pocket Companion.debug.xcconfig */,
				5739541621944F715CD6635C /* Pods-UFC Pocket Companion.release.xcconfig */,
			);
			name = Pods;
			sourceTree = "<group>";
		};
/* End PBXGroup section */

/* Begin PBXNativeTarget section */
		A5D2A9241E3255BD001C7456 /* UFC Pocket Companion */ = {
			isa = PBXNativeTarget;
			buildConfigurationList = A5D2A9371E3255BE001C7456 /* Build configuration list for PBXNativeTarget "UFC Pocket Companion" */;
			buildPhases = (
				222791D05E6E9E4EE07DD753 /* [CP] Check Pods Manifest.lock */,
				A5D2A9211E3255BD001C7456 /* Sources */,
				A5D2A9221E3255BD001C7456 /* Frameworks */,
				A5D2A9231E3255BD001C7456 /* Resources */,
				04DE1322C18D5E71011B4805 /* [CP] Embed Pods Frameworks */,
				F4B1CF7A3CF1CA44AF4BC938 /* [CP] Copy Pods Resources */,
			);
			buildRules = (
			);
			dependencies = (
			);
			name = "UFC Pocket Companion";
			productName = "UFC Pocket Companion";
			productReference = A5D2A9251E3255BE001C7456 /* UFC Pocket Companion.app */;
			productType = "com.apple.product-type.application";
		};
/* End PBXNativeTarget section */

/* Begin PBXProject section */
		A5D2A91D1E3255BD001C7456 /* Project object */ = {
			isa = PBXProject;
			attributes = {
				LastSwiftUpdateCheck = 0820;
				LastUpgradeCheck = 0830;
				ORGANIZATIONNAME = "Mike Kane";
				TargetAttributes = {
					A5D2A9241E3255BD001C7456 = {
						CreatedOnToolsVersion = 8.2.1;
						DevelopmentTeam = YNEH3B8QJ7;
						ProvisioningStyle = Automatic;
					};
				};
			};
			buildConfigurationList = A5D2A9201E3255BD001C7456 /* Build configuration list for PBXProject "UFC Pocket Companion" */;
			compatibilityVersion = "Xcode 3.2";
			developmentRegion = English;
			hasScannedForEncodings = 0;
			knownRegions = (
				en,
				Base,
			);
			mainGroup = A5D2A91C1E3255BD001C7456;
			productRefGroup = A5D2A9261E3255BE001C7456 /* Products */;
			projectDirPath = "";
			projectRoot = "";
			targets = (
				A5D2A9241E3255BD001C7456 /* UFC Pocket Companion */,
			);
		};
/* End PBXProject section */

/* Begin PBXResourcesBuildPhase section */
		A5D2A9231E3255BD001C7456 /* Resources */ = {
			isa = PBXResourcesBuildPhase;
			buildActionMask = 2147483647;
			files = (
				A5D2A9331E3255BE001C7456 /* LaunchScreen.storyboard in Resources */,
				A5D2A9301E3255BE001C7456 /* Assets.xcassets in Resources */,
				A5D2A92E1E3255BE001C7456 /* Main.storyboard in Resources */,
			);
			runOnlyForDeploymentPostprocessing = 0;
		};
/* End PBXResourcesBuildPhase section */

/* Begin PBXShellScriptBuildPhase section */
		04DE1322C18D5E71011B4805 /* [CP] Embed Pods Frameworks */ = {
			isa = PBXShellScriptBuildPhase;
			buildActionMask = 2147483647;
			files = (
			);
			inputPaths = (
			);
			name = "[CP] Embed Pods Frameworks";
			outputPaths = (
			);
			runOnlyForDeploymentPostprocessing = 0;
			shellPath = /bin/sh;
			shellScript = "\"${SRCROOT}/Pods/Target Support Files/Pods-UFC Pocket Companion/Pods-UFC Pocket Companion-frameworks.sh\"\n";
			showEnvVarsInLog = 0;
		};
		222791D05E6E9E4EE07DD753 /* [CP] Check Pods Manifest.lock */ = {
			isa = PBXShellScriptBuildPhase;
			buildActionMask = 2147483647;
			files = (
			);
			inputPaths = (
			);
			name = "[CP] Check Pods Manifest.lock";
			outputPaths = (
			);
			runOnlyForDeploymentPostprocessing = 0;
			shellPath = /bin/sh;
			shellScript = "diff \"${PODS_ROOT}/../Podfile.lock\" \"${PODS_ROOT}/Manifest.lock\" > /dev/null\nif [ $? != 0 ] ; then\n    # print error to STDERR\n    echo \"error: The sandbox is not in sync with the Podfile.lock. Run 'pod install' or update your CocoaPods installation.\" >&2\n    exit 1\nfi\n";
			showEnvVarsInLog = 0;
		};
		F4B1CF7A3CF1CA44AF4BC938 /* [CP] Copy Pods Resources */ = {
			isa = PBXShellScriptBuildPhase;
			buildActionMask = 2147483647;
			files = (
			);
			inputPaths = (
			);
			name = "[CP] Copy Pods Resources";
			outputPaths = (
			);
			runOnlyForDeploymentPostprocessing = 0;
			shellPath = /bin/sh;
			shellScript = "\"${SRCROOT}/Pods/Target Support Files/Pods-UFC Pocket Companion/Pods-UFC Pocket Companion-resources.sh\"\n";
			showEnvVarsInLog = 0;
		};
/* End PBXShellScriptBuildPhase section */

/* Begin PBXSourcesBuildPhase section */
		A5D2A9211E3255BD001C7456 /* Sources */ = {
			isa = PBXSourcesBuildPhase;
			buildActionMask = 2147483647;
			files = (
				A5D2A92B1E3255BE001C7456 /* ViewController.swift in Sources */,
				A5A3FE6A1E34183A00009B78 /* Fighter.swift in Sources */,
				A5D2A9291E3255BE001C7456 /* AppDelegate.swift in Sources */,
				A5A3FE681E32864B00009B78 /* UFCApi.swift in Sources */,
			);
			runOnlyForDeploymentPostprocessing = 0;
		};
/* End PBXSourcesBuildPhase section */

/* Begin PBXVariantGroup section */
		A5D2A92C1E3255BE001C7456 /* Main.storyboard */ = {
			isa = PBXVariantGroup;
			children = (
				A5D2A92D1E3255BE001C7456 /* Base */,
			);
			name = Main.storyboard;
			sourceTree = "<group>";
		};
		A5D2A9311E3255BE001C7456 /* LaunchScreen.storyboard */ = {
			isa = PBXVariantGroup;
			children = (
				A5D2A9321E3255BE001C7456 /* Base */,
			);
			name = LaunchScreen.storyboard;
			sourceTree = "<group>";
		};
/* End PBXVariantGroup section */

/* Begin XCBuildConfiguration section */
		A5D2A9351E3255BE001C7456 /* Debug */ = {
			isa = XCBuildConfiguration;
			buildSettings = {
				ALWAYS_SEARCH_USER_PATHS = NO;
				CLANG_ANALYZER_NONNULL = YES;
				CLANG_CXX_LANGUAGE_STANDARD = "gnu++0x";
				CLANG_CXX_LIBRARY = "libc++";
				CLANG_ENABLE_MODULES = YES;
				CLANG_ENABLE_OBJC_ARC = YES;
				CLANG_WARN_BOOL_CONVERSION = YES;
				CLANG_WARN_CONSTANT_CONVERSION = YES;
				CLANG_WARN_DIRECT_OBJC_ISA_USAGE = YES_ERROR;
				CLANG_WARN_DOCUMENTATION_COMMENTS = YES;
				CLANG_WARN_EMPTY_BODY = YES;
				CLANG_WARN_ENUM_CONVERSION = YES;
				CLANG_WARN_INFINITE_RECURSION = YES;
				CLANG_WARN_INT_CONVERSION = YES;
				CLANG_WARN_OBJC_ROOT_CLASS = YES_ERROR;
				CLANG_WARN_SUSPICIOUS_MOVE = YES;
				CLANG_WARN_UNREACHABLE_CODE = YES;
				CLANG_WARN__DUPLICATE_METHOD_MATCH = YES;
				"CODE_SIGN_IDENTITY[sdk=iphoneos*]" = "iPhone Developer";
				COPY_PHASE_STRIP = NO;
				DEBUG_INFORMATION_FORMAT = dwarf;
				ENABLE_STRICT_OBJC_MSGSEND = YES;
				ENABLE_TESTABILITY = YES;
				GCC_C_LANGUAGE_STANDARD = gnu99;
				GCC_DYNAMIC_NO_PIC = NO;
				GCC_NO_COMMON_BLOCKS = YES;
				GCC_OPTIMIZATION_LEVEL = 0;
				GCC_PREPROCESSOR_DEFINITIONS = (
					"DEBUG=1",
					"$(inherited)",
				);
				GCC_WARN_64_TO_32_BIT_CONVERSION = YES;
				GCC_WARN_ABOUT_RETURN_TYPE = YES_ERROR;
				GCC_WARN_UNDECLARED_SELECTOR = YES;
				GCC_WARN_UNINITIALIZED_AUTOS = YES_AGGRESSIVE;
				GCC_WARN_UNUSED_FUNCTION = YES;
				GCC_WARN_UNUSED_VARIABLE = YES;
				IPHONEOS_DEPLOYMENT_TARGET = 10.2;
				MTL_ENABLE_DEBUG_INFO = YES;
				ONLY_ACTIVE_ARCH = YES;
				SDKROOT = iphoneos;
				SWIFT_ACTIVE_COMPILATION_CONDITIONS = DEBUG;
				SWIFT_OPTIMIZATION_LEVEL = "-Onone";
			};
			name = Debug;
		};
		A5D2A9361E3255BE001C7456 /* Release */ = {
			isa = XCBuildConfiguration;
			buildSettings = {
				ALWAYS_SEARCH_USER_PATHS = NO;
				CLANG_ANALYZER_NONNULL = YES;
				CLANG_CXX_LANGUAGE_STANDARD = "gnu++0x";
				CLANG_CXX_LIBRARY = "libc++";
				CLANG_ENABLE_MODULES = YES;
				CLANG_ENABLE_OBJC_ARC = YES;
				CLANG_WARN_BOOL_CONVERSION = YES;
				CLANG_WARN_CONSTANT_CONVERSION = YES;
				CLANG_WARN_DIRECT_OBJC_ISA_USAGE = YES_ERROR;
				CLANG_WARN_DOCUMENTATION_COMMENTS = YES;
				CLANG_WARN_EMPTY_BODY = YES;
				CLANG_WARN_ENUM_CONVERSION = YES;
				CLANG_WARN_INFINITE_RECURSION = YES;
				CLANG_WARN_INT_CONVERSION = YES;
				CLANG_WARN_OBJC_ROOT_CLASS = YES_ERROR;
				CLANG_WARN_SUSPICIOUS_MOVE = YES;
				CLANG_WARN_UNREACHABLE_CODE = YES;
				CLANG_WARN__DUPLICATE_METHOD_MATCH = YES;
				"CODE_SIGN_IDENTITY[sdk=iphoneos*]" = "iPhone Developer";
				COPY_PHASE_STRIP = NO;
				DEBUG_INFORMATION_FORMAT = "dwarf-with-dsym";
				ENABLE_NS_ASSERTIONS = NO;
				ENABLE_STRICT_OBJC_MSGSEND = YES;
				GCC_C_LANGUAGE_STANDARD = gnu99;
				GCC_NO_COMMON_BLOCKS = YES;
				GCC_WARN_64_TO_32_BIT_CONVERSION = YES;
				GCC_WARN_ABOUT_RETURN_TYPE = YES_ERROR;
				GCC_WARN_UNDECLARED_SELECTOR = YES;
				GCC_WARN_UNINITIALIZED_AUTOS = YES_AGGRESSIVE;
				GCC_WARN_UNUSED_FUNCTION = YES;
				GCC_WARN_UNUSED_VARIABLE = YES;
				IPHONEOS_DEPLOYMENT_TARGET = 10.2;
				MTL_ENABLE_DEBUG_INFO = NO;
				SDKROOT = iphoneos;
				SWIFT_OPTIMIZATION_LEVEL = "-Owholemodule";
				VALIDATE_PRODUCT = YES;
			};
			name = Release;
		};
		A5D2A9381E3255BE001C7456 /* Debug */ = {
			isa = XCBuildConfiguration;
			baseConfigurationReference = 0896187AE1FF226C2077CE86 /* Pods-UFC Pocket Companion.debug.xcconfig */;
			buildSettings = {
				ALWAYS_EMBED_SWIFT_STANDARD_LIBRARIES = YES;
				ASSETCATALOG_COMPILER_APPICON_NAME = AppIcon;
				DEVELOPMENT_TEAM = YNEH3B8QJ7;
				INFOPLIST_FILE = "UFC Pocket Companion/Info.plist";
				LD_RUNPATH_SEARCH_PATHS = "$(inherited) @executable_path/Frameworks";
				PRODUCT_BUNDLE_IDENTIFIER = "com.MikeKane.UFC-Pocket-Companion";
				PRODUCT_NAME = "$(TARGET_NAME)";
				SWIFT_VERSION = 3.0;
			};
			name = Debug;
		};
		A5D2A9391E3255BE001C7456 /* Release */ = {
			isa = XCBuildConfiguration;
			baseConfigurationReference = 5739541621944F715CD6635C /* Pods-UFC Pocket Companion.release.xcconfig */;
			buildSettings = {
				ALWAYS_EMBED_SWIFT_STANDARD_LIBRARIES = YES;
				ASSETCATALOG_COMPILER_APPICON_NAME = AppIcon;
				DEVELOPMENT_TEAM = YNEH3B8QJ7;
				INFOPLIST_FILE = "UFC Pocket Companion/Info.plist";
				LD_RUNPATH_SEARCH_PATHS = "$(inherited) @executable_path/Frameworks";
				PRODUCT_BUNDLE_IDENTIFIER = "com.MikeKane.UFC-Pocket-Companion";
				PRODUCT_NAME = "$(TARGET_NAME)";
				SWIFT_VERSION = 3.0;
			};
			name = Release;
		};
/* End XCBuildConfiguration section */

/* Begin XCConfigurationList section */
		A5D2A9201E3255BD001C7456 /* Build configuration list for PBXProject "UFC Pocket Companion" */ = {
			isa = XCConfigurationList;
			buildConfigurations = (
				A5D2A9351E3255BE001C7456 /* Debug */,
				A5D2A9361E3255BE001C7456 /* Release */,
			);
			defaultConfigurationIsVisible = 0;
			defaultConfigurationName = Release;
		};
		A5D2A9371E3255BE001C7456 /* Build configuration list for PBXNativeTarget "UFC Pocket Companion" */ = {
			isa = XCConfigurationList;
			buildConfigurations = (
				A5D2A9381E3255BE001C7456 /* Debug */,
				A5D2A9391E3255BE001C7456 /* Release */,
			);
			defaultConfigurationIsVisible = 0;
			defaultConfigurationName = Release;
		};
/* End XCConfigurationList section */
	};
	rootObject = A5D2A91D1E3255BD001C7456 /* Project object */;
}
